
Microsoft Visual Studio Solution File, Format Version 12.00
# Visual Studio Version 16
VisualStudioVersion = 16.0.30204.135
MinimumVisualStudioVersion = 10.0.40219.1
Project("{9A19103F-16F7-4668-BE54-9A1E7A4F7556}") = "RedSharp.EventSystem.Contract", "RedSharp.EventSystem.Contract\RedSharp.EventSystem.Contract.csproj", "{3C745BFD-102D-4608-A2BB-7BA696842E81}"
EndProject
Project("{9A19103F-16F7-4668-BE54-9A1E7A4F7556}") = "RedSharp.EventSystem.SR.Default", "RedSharp.EventSystem.SR.Default\RedSharp.EventSystem.SR.Default.csproj", "{8487CF0E-CCBA-4531-AF71-B7ABE2A02D04}"
EndProject
Project("{9A19103F-16F7-4668-BE54-9A1E7A4F7556}") = "RedSharp.EventSystem.WR.Default", "RedSharp.EventSystem.WR.Default\RedSharp.EventSystem.WR.Default.csproj", "{5E323EBF-F0B1-46A0-ADD1-BB0F4A6A1CFE}"
EndProject
Global
	GlobalSection(SolutionConfigurationPlatforms) = preSolution
		Debug|Any CPU = Debug|Any CPU
		Release|Any CPU = Release|Any CPU
	EndGlobalSection
	GlobalSection(ProjectConfigurationPlatforms) = postSolution
		{3C745BFD-102D-4608-A2BB-7BA696842E81}.Debug|Any CPU.ActiveCfg = Debug|Any CPU
		{3C745BFD-102D-4608-A2BB-7BA696842E81}.Debug|Any CPU.Build.0 = Debug|Any CPU
		{3C745BFD-102D-4608-A2BB-7BA696842E81}.Release|Any CPU.ActiveCfg = Release|Any CPU
		{3C745BFD-102D-4608-A2BB-7BA696842E81}.Release|Any CPU.Build.0 = Release|Any CPU
		{8487CF0E-CCBA-4531-AF71-B7ABE2A02D04}.Debug|Any CPU.ActiveCfg = Debug|Any CPU
		{8487CF0E-CCBA-4531-AF71-B7ABE2A02D04}.Debug|Any CPU.Build.0 = Debug|Any CPU
		{8487CF0E-CCBA-4531-AF71-B7ABE2A02D04}.Release|Any CPU.ActiveCfg = Release|Any CPU
		{8487CF0E-CCBA-4531-AF71-B7ABE2A02D04}.Release|Any CPU.Build.0 = Release|Any CPU
		{5E323EBF-F0B1-46A0-ADD1-BB0F4A6A1CFE}.Debug|Any CPU.ActiveCfg = Debug|Any CPU
		{5E323EBF-F0B1-46A0-ADD1-BB0F4A6A1CFE}.Debug|Any CPU.Build.0 = Debug|Any CPU
		{5E323EBF-F0B1-46A0-ADD1-BB0F4A6A1CFE}.Release|Any CPU.ActiveCfg = Release|Any CPU
		{5E323EBF-F0B1-46A0-ADD1-BB0F4A6A1CFE}.Release|Any CPU.Build.0 = Release|Any CPU
	EndGlobalSection
	GlobalSection(SolutionProperties) = preSolution
		HideSolutionNode = FALSE
	EndGlobalSection
	GlobalSection(ExtensibilityGlobals) = postSolution
		SolutionGuid = {34E47CCE-225C-49B0-BC2B-F8BB0A627DAC}
	EndGlobalSection
EndGlobal
