
Microsoft Visual Studio Solution File, Format Version 12.00
# Visual Studio Version 16
VisualStudioVersion = 16.0.30204.135
MinimumVisualStudioVersion = 10.0.40219.1
Project("{9A19103F-16F7-4668-BE54-9A1E7A4F7556}") = "RedSharp.System", "RedSharp.System\RedSharp.System\RedSharp.System.csproj", "{8614C812-67E8-4982-A427-1B400241D1D3}"
EndProject
Project("{9A19103F-16F7-4668-BE54-9A1E7A4F7556}") = "RedSharp.Events.System", "RedSharp.Events.System\RedSharp.Events.System.csproj", "{07B97426-00C1-4408-997F-DCE889BB33AE}"
EndProject
Global
	GlobalSection(SolutionConfigurationPlatforms) = preSolution
		Debug|Any CPU = Debug|Any CPU
		Release|Any CPU = Release|Any CPU
	EndGlobalSection
	GlobalSection(ProjectConfigurationPlatforms) = postSolution
		{8614C812-67E8-4982-A427-1B400241D1D3}.Debug|Any CPU.ActiveCfg = Debug|Any CPU
		{8614C812-67E8-4982-A427-1B400241D1D3}.Debug|Any CPU.Build.0 = Debug|Any CPU
		{8614C812-67E8-4982-A427-1B400241D1D3}.Release|Any CPU.ActiveCfg = Release|Any CPU
		{8614C812-67E8-4982-A427-1B400241D1D3}.Release|Any CPU.Build.0 = Release|Any CPU
		{07B97426-00C1-4408-997F-DCE889BB33AE}.Debug|Any CPU.ActiveCfg = Debug|Any CPU
		{07B97426-00C1-4408-997F-DCE889BB33AE}.Debug|Any CPU.Build.0 = Debug|Any CPU
		{07B97426-00C1-4408-997F-DCE889BB33AE}.Release|Any CPU.ActiveCfg = Release|Any CPU
		{07B97426-00C1-4408-997F-DCE889BB33AE}.Release|Any CPU.Build.0 = Release|Any CPU
	EndGlobalSection
	GlobalSection(SolutionProperties) = preSolution
		HideSolutionNode = FALSE
	EndGlobalSection
	GlobalSection(ExtensibilityGlobals) = postSolution
		SolutionGuid = {34E47CCE-225C-49B0-BC2B-F8BB0A627DAC}
	EndGlobalSection
EndGlobal
