
Microsoft Visual Studio Solution File, Format Version 12.00
# Visual Studio Version 16
VisualStudioVersion = 16.0.30204.135
MinimumVisualStudioVersion = 10.0.40219.1
Project("{FAE04EC0-301F-11D3-BF4B-00C04F79EFBC}") = "RedSharp.WRI", "RedSharp.WRI\RedSharp.WRI.csproj", "{489934B3-6C0C-4C81-BD4F-684D0B42EB60}"
EndProject
Global
	GlobalSection(SolutionConfigurationPlatforms) = preSolution
		Debug|Any CPU = Debug|Any CPU
		Release|Any CPU = Release|Any CPU
	EndGlobalSection
	GlobalSection(ProjectConfigurationPlatforms) = postSolution
		{489934B3-6C0C-4C81-BD4F-684D0B42EB60}.Debug|Any CPU.ActiveCfg = Debug|Any CPU
		{489934B3-6C0C-4C81-BD4F-684D0B42EB60}.Debug|Any CPU.Build.0 = Debug|Any CPU
		{489934B3-6C0C-4C81-BD4F-684D0B42EB60}.Release|Any CPU.ActiveCfg = Release|Any CPU
		{489934B3-6C0C-4C81-BD4F-684D0B42EB60}.Release|Any CPU.Build.0 = Release|Any CPU
	EndGlobalSection
	GlobalSection(SolutionProperties) = preSolution
		HideSolutionNode = FALSE
	EndGlobalSection
	GlobalSection(ExtensibilityGlobals) = postSolution
		SolutionGuid = {34E47CCE-225C-49B0-BC2B-F8BB0A627DAC}
	EndGlobalSection
EndGlobal
